PODS:
  - JSZVCR (0.3.7):
    - OHHTTPStubs (~> 4.0)
  - OHHTTPStubs (4.0.2)

DEPENDENCIES:
  - JSZVCR (from `../`)

EXTERNAL SOURCES:
  JSZVCR:
    :path: ../

SPEC CHECKSUMS:
  JSZVCR: b18ade048115b32ab2f951e9a3e32f9973dba909
  OHHTTPStubs: dbd1957d414659783e07b49c961940b7564c23d9

COCOAPODS: 0.37.2
