PODS:
  - JSZVCR (0.4.1):
    - OHHTTPStubs (~> 4.0)
  - OHHTTPStubs (4.0.2)

DEPENDENCIES:
  - JSZVCR (from `../`)

EXTERNAL SOURCES:
  JSZVCR:
    :path: ../

SPEC CHECKSUMS:
  JSZVCR: acd9bf16badddb112f47d472364d50fd82780095
  OHHTTPStubs: dbd1957d414659783e07b49c961940b7564c23d9

COCOAPODS: 0.37.2
