PODS:
  - BlocksKit (2.2.5):
    - BlocksKit/All (= 2.2.5)
  - BlocksKit/All (2.2.5):
    - BlocksKit/Core
    - BlocksKit/DynamicDelegate
    - BlocksKit/MessageUI
    - BlocksKit/UIKit
  - BlocksKit/Core (2.2.5)
  - BlocksKit/DynamicDelegate (2.2.5)
  - BlocksKit/MessageUI (2.2.5):
    - BlocksKit/Core
    - BlocksKit/DynamicDelegate
  - BlocksKit/UIKit (2.2.5):
    - BlocksKit/Core
    - BlocksKit/DynamicDelegate
  - JSZVCR (0.4.3):
    - BlocksKit (~> 2.2)
    - OHHTTPStubs (~> 4.0)
  - OHHTTPStubs (4.0.2)

DEPENDENCIES:
  - JSZVCR (from `../`)

EXTERNAL SOURCES:
  JSZVCR:
    :path: ../

SPEC CHECKSUMS:
  BlocksKit: 7f422b971407001178d181a43b99014ea2591fe6
  JSZVCR: 8153f19f37671a601f18c44653a37aeeda72a2f3
  OHHTTPStubs: dbd1957d414659783e07b49c961940b7564c23d9

COCOAPODS: 0.37.2
