// !$*UTF8*$!
{
	archiveVersion = 1;
	classes = {
	};
	objectVersion = 46;
	objects = {

/* Begin PBXBuildFile section */
		17AED04D1B3DF535004B7836 /* JSZVCRTestCaseBeginsWithEmptyRecorderTestCase.m in Sources */ = {isa = PBXBuildFile; fileRef = 17AED04C1B3DF535004B7836 /* JSZVCRTestCaseBeginsWithEmptyRecorderTestCase.m */; };
		17B4A7731B3B7CD800699888 /* JSZMatchStrictnessNoneTestCase.m in Sources */ = {isa = PBXBuildFile; fileRef = 17B4A7721B3B7CD800699888 /* JSZMatchStrictnessNoneTestCase.m */; };
		17B4A7751B3B7D5D00699888 /* JSZVCRStrictnessFailWhenNoMatchTestCase.m in Sources */ = {isa = PBXBuildFile; fileRef = 17B4A7741B3B7D5D00699888 /* JSZVCRStrictnessFailWhenNoMatchTestCase.m */; };
		17B4A7781B3B808E00699888 /* JSZVCRRecorderTestCase.bundle in Resources */ = {isa = PBXBuildFile; fileRef = 17B4A7761B3B808E00699888 /* JSZVCRRecorderTestCase.bundle */; };
		17B4A7791B3B808E00699888 /* JSZVCRStrictnessFailWhenNoMatchTestCase.bundle in Resources */ = {isa = PBXBuildFile; fileRef = 17B4A7771B3B808E00699888 /* JSZVCRStrictnessFailWhenNoMatchTestCase.bundle */; };
		17B4A77B1B3B80F500699888 /* JSZMatchStrictnessNoneTestCase.bundle in Resources */ = {isa = PBXBuildFile; fileRef = 17B4A77A1B3B80F500699888 /* JSZMatchStrictnessNoneTestCase.bundle */; };
		234ACE5945E9D45CBCCF350F /* libPods-JSZVCR_Tests.a in Frameworks */ = {isa = PBXBuildFile; fileRef = C2C1BB51501A927318E85677 /* libPods-JSZVCR_Tests.a */; };
		51D21DE01B2B551000C4321A /* XCTestCase+XCTestCase_JSZVCRAdditions.m in Sources */ = {isa = PBXBuildFile; fileRef = 51D21DDF1B2B551000C4321A /* XCTestCase+XCTestCase_JSZVCRAdditions.m */; };
		6003F5B0195388D20070C39A /* XCTest.framework in Frameworks */ = {isa = PBXBuildFile; fileRef = 6003F5AF195388D20070C39A /* XCTest.framework */; };
		6003F5B1195388D20070C39A /* Foundation.framework in Frameworks */ = {isa = PBXBuildFile; fileRef = 6003F58D195388D20070C39A /* Foundation.framework */; };
		6003F5B2195388D20070C39A /* UIKit.framework in Frameworks */ = {isa = PBXBuildFile; fileRef = 6003F591195388D20070C39A /* UIKit.framework */; };
		6003F5BA195388D20070C39A /* InfoPlist.strings in Resources */ = {isa = PBXBuildFile; fileRef = 6003F5B8195388D20070C39A /* InfoPlist.strings */; };
		971EF2FC1B2A7A40000720ED /* JSZPlayerTestCase.bundle in Resources */ = {isa = PBXBuildFile; fileRef = 971EF2FB1B2A7A40000720ED /* JSZPlayerTestCase.bundle */; };
		971EF30C1B2AAFBF000720ED /* JSZUnmockedTestCase.m in Sources */ = {isa = PBXBuildFile; fileRef = 971EF30B1B2AAFBF000720ED /* JSZUnmockedTestCase.m */; };
		972B05DF1B3D221C0037FE84 /* JSZSimpleMatcherTestCase.m in Sources */ = {isa = PBXBuildFile; fileRef = 972B05DE1B3D221C0037FE84 /* JSZSimpleMatcherTestCase.m */; };
		972B05E11B3D27B50037FE84 /* JSZSimpleMatcherTestCase.bundle in Resources */ = {isa = PBXBuildFile; fileRef = 972B05E01B3D27B50037FE84 /* JSZSimpleMatcherTestCase.bundle */; };
		972B05E31B3D3AEC0037FE84 /* JSZVCRResponseTestCase.m in Sources */ = {isa = PBXBuildFile; fileRef = 972B05E21B3D3AEC0037FE84 /* JSZVCRResponseTestCase.m */; };
		972B05E51B3D3EFE0037FE84 /* JSZVCRRequestTestCase.m in Sources */ = {isa = PBXBuildFile; fileRef = 972B05E41B3D3EFE0037FE84 /* JSZVCRRequestTestCase.m */; };
		972B05E71B3D43E10037FE84 /* JSZVCRDataTestCase.m in Sources */ = {isa = PBXBuildFile; fileRef = 972B05E61B3D43E10037FE84 /* JSZVCRDataTestCase.m */; };
		975E1CA61B3C7565009B731B /* JSZVCRAFNetworkingRecorderTestCase.m in Sources */ = {isa = PBXBuildFile; fileRef = 975E1CA51B3C7565009B731B /* JSZVCRAFNetworkingRecorderTestCase.m */; };
		978B268B1B3D0940001D8EFB /* JSZVCRResourceManagerTestCase.m in Sources */ = {isa = PBXBuildFile; fileRef = 978B268A1B3D0940001D8EFB /* JSZVCRResourceManagerTestCase.m */; };
		978B268D1B3D0A28001D8EFB /* JSZVCRResourceManagerTestCase.txt in Resources */ = {isa = PBXBuildFile; fileRef = 978B268C1B3D0A28001D8EFB /* JSZVCRResourceManagerTestCase.txt */; };
		97A8621A1B41CB6B00C07193 /* JSZVCRUnmatchedRequestsOverrideTestCase.m in Sources */ = {isa = PBXBuildFile; fileRef = 97A862191B41CB6B00C07193 /* JSZVCRUnmatchedRequestsOverrideTestCase.m */; };
		97A8621F1B41D2B500C07193 /* JSZVCRUnmatchedRequestsOverrideTestCase.bundle in Resources */ = {isa = PBXBuildFile; fileRef = 97A8621E1B41D2B500C07193 /* JSZVCRUnmatchedRequestsOverrideTestCase.bundle */; };
		97CAFA6A1B36AE190063FCC4 /* Rakefile in Resources */ = {isa = PBXBuildFile; fileRef = 97CAFA691B36AE180063FCC4 /* Rakefile */; };
		97DD8B871B3CF28700A4AAAA /* JSZVCRRecordingCancelledTask.m in Sources */ = {isa = PBXBuildFile; fileRef = 97DD8B861B3CF28700A4AAAA /* JSZVCRRecordingCancelledTask.m */; };
		97E143771B3AA50800E72B17 /* JSZDefaultTestCase.m in Sources */ = {isa = PBXBuildFile; fileRef = 97E143761B3AA50800E72B17 /* JSZDefaultTestCase.m */; };
		97FA41EF1B2F9CB2003B9B57 /* JSZPlayerTestCase.m in Sources */ = {isa = PBXBuildFile; fileRef = 97FA41EE1B2F9CB2003B9B57 /* JSZPlayerTestCase.m */; };
		97FA41F11B2F9D05003B9B57 /* JSZVCRRecorderTestCase.m in Sources */ = {isa = PBXBuildFile; fileRef = 97FA41F01B2F9D05003B9B57 /* JSZVCRRecorderTestCase.m */; };
		97FB4DAF1B360C0200CA7C91 /* JSZUnorderedMatcherTestCase.m in Sources */ = {isa = PBXBuildFile; fileRef = 97FB4DAE1B360C0200CA7C91 /* JSZUnorderedMatcherTestCase.m */; };
		97FB4DB11B360CEE00CA7C91 /* JSZUnorderedMatcherTestCase.bundle in Resources */ = {isa = PBXBuildFile; fileRef = 97FB4DB01B360CEE00CA7C91 /* JSZUnorderedMatcherTestCase.bundle */; };
/* End PBXBuildFile section */

/* Begin PBXFileReference section */
		0251BC24D39024D842E740FA /* Pods-JSZVCR_Tests.release.xcconfig */ = {isa = PBXFileReference; includeInIndex = 1; lastKnownFileType = text.xcconfig; name = "Pods-JSZVCR_Tests.release.xcconfig"; path = "../Pods/Target Support Files/Pods-JSZVCR_Tests/Pods-JSZVCR_Tests.release.xcconfig"; sourceTree = "<group>"; };
		17AED04C1B3DF535004B7836 /* JSZVCRTestCaseBeginsWithEmptyRecorderTestCase.m */ = {isa = PBXFileReference; fileEncoding = 4; lastKnownFileType = sourcecode.c.objc; path = JSZVCRTestCaseBeginsWithEmptyRecorderTestCase.m; sourceTree = "<group>"; };
		17B4A7721B3B7CD800699888 /* JSZMatchStrictnessNoneTestCase.m */ = {isa = PBXFileReference; fileEncoding = 4; lastKnownFileType = sourcecode.c.objc; path = JSZMatchStrictnessNoneTestCase.m; sourceTree = "<group>"; };
		17B4A7741B3B7D5D00699888 /* JSZVCRStrictnessFailWhenNoMatchTestCase.m */ = {isa = PBXFileReference; fileEncoding = 4; lastKnownFileType = sourcecode.c.objc; path = JSZVCRStrictnessFailWhenNoMatchTestCase.m; sourceTree = "<group>"; };
		17B4A7761B3B808E00699888 /* JSZVCRRecorderTestCase.bundle */ = {isa = PBXFileReference; lastKnownFileType = "wrapper.plug-in"; path = JSZVCRRecorderTestCase.bundle; sourceTree = "<group>"; };
		17B4A7771B3B808E00699888 /* JSZVCRStrictnessFailWhenNoMatchTestCase.bundle */ = {isa = PBXFileReference; lastKnownFileType = "wrapper.plug-in"; path = JSZVCRStrictnessFailWhenNoMatchTestCase.bundle; sourceTree = "<group>"; };
		17B4A77A1B3B80F500699888 /* JSZMatchStrictnessNoneTestCase.bundle */ = {isa = PBXFileReference; lastKnownFileType = "wrapper.plug-in"; path = JSZMatchStrictnessNoneTestCase.bundle; sourceTree = "<group>"; };
		30B208040E596C4437229C11 /* Pods-JSZVCR_Tests.debug.xcconfig */ = {isa = PBXFileReference; includeInIndex = 1; lastKnownFileType = text.xcconfig; name = "Pods-JSZVCR_Tests.debug.xcconfig"; path = "../Pods/Target Support Files/Pods-JSZVCR_Tests/Pods-JSZVCR_Tests.debug.xcconfig"; sourceTree = "<group>"; };
		51D21DDE1B2B551000C4321A /* XCTestCase+XCTestCase_JSZVCRAdditions.h */ = {isa = PBXFileReference; fileEncoding = 4; lastKnownFileType = sourcecode.c.h; path = "XCTestCase+XCTestCase_JSZVCRAdditions.h"; sourceTree = "<group>"; };
		51D21DDF1B2B551000C4321A /* XCTestCase+XCTestCase_JSZVCRAdditions.m */ = {isa = PBXFileReference; fileEncoding = 4; lastKnownFileType = sourcecode.c.objc; path = "XCTestCase+XCTestCase_JSZVCRAdditions.m"; sourceTree = "<group>"; };
		590E7CFFA78B3319426E877C /* LICENSE */ = {isa = PBXFileReference; includeInIndex = 1; lastKnownFileType = text; name = LICENSE; path = ../LICENSE; sourceTree = "<group>"; };
		6003F58D195388D20070C39A /* Foundation.framework */ = {isa = PBXFileReference; lastKnownFileType = wrapper.framework; name = Foundation.framework; path = System/Library/Frameworks/Foundation.framework; sourceTree = SDKROOT; };
		6003F58F195388D20070C39A /* CoreGraphics.framework */ = {isa = PBXFileReference; lastKnownFileType = wrapper.framework; name = CoreGraphics.framework; path = System/Library/Frameworks/CoreGraphics.framework; sourceTree = SDKROOT; };
		6003F591195388D20070C39A /* UIKit.framework */ = {isa = PBXFileReference; lastKnownFileType = wrapper.framework; name = UIKit.framework; path = System/Library/Frameworks/UIKit.framework; sourceTree = SDKROOT; };
		6003F5AE195388D20070C39A /* JSZVCR_Tests.xctest */ = {isa = PBXFileReference; explicitFileType = wrapper.cfbundle; includeInIndex = 0; path = JSZVCR_Tests.xctest; sourceTree = BUILT_PRODUCTS_DIR; };
		6003F5AF195388D20070C39A /* XCTest.framework */ = {isa = PBXFileReference; lastKnownFileType = wrapper.framework; name = XCTest.framework; path = Library/Frameworks/XCTest.framework; sourceTree = DEVELOPER_DIR; };
		6003F5B7195388D20070C39A /* Tests-Info.plist */ = {isa = PBXFileReference; lastKnownFileType = text.plist.xml; path = "Tests-Info.plist"; sourceTree = "<group>"; };
		6003F5B9195388D20070C39A /* en */ = {isa = PBXFileReference; lastKnownFileType = text.plist.strings; name = en; path = en.lproj/InfoPlist.strings; sourceTree = "<group>"; };
		606FC2411953D9B200FFA9A0 /* Tests-Prefix.pch */ = {isa = PBXFileReference; lastKnownFileType = sourcecode.c.h; path = "Tests-Prefix.pch"; sourceTree = "<group>"; };
		971EF2FB1B2A7A40000720ED /* JSZPlayerTestCase.bundle */ = {isa = PBXFileReference; lastKnownFileType = "wrapper.plug-in"; path = JSZPlayerTestCase.bundle; sourceTree = "<group>"; };
		971EF30B1B2AAFBF000720ED /* JSZUnmockedTestCase.m */ = {isa = PBXFileReference; fileEncoding = 4; lastKnownFileType = sourcecode.c.objc; path = JSZUnmockedTestCase.m; sourceTree = "<group>"; };
		972B05DE1B3D221C0037FE84 /* JSZSimpleMatcherTestCase.m */ = {isa = PBXFileReference; fileEncoding = 4; lastKnownFileType = sourcecode.c.objc; path = JSZSimpleMatcherTestCase.m; sourceTree = "<group>"; };
		972B05E01B3D27B50037FE84 /* JSZSimpleMatcherTestCase.bundle */ = {isa = PBXFileReference; lastKnownFileType = "wrapper.plug-in"; path = JSZSimpleMatcherTestCase.bundle; sourceTree = "<group>"; };
		972B05E21B3D3AEC0037FE84 /* JSZVCRResponseTestCase.m */ = {isa = PBXFileReference; fileEncoding = 4; lastKnownFileType = sourcecode.c.objc; path = JSZVCRResponseTestCase.m; sourceTree = "<group>"; };
		972B05E41B3D3EFE0037FE84 /* JSZVCRRequestTestCase.m */ = {isa = PBXFileReference; fileEncoding = 4; lastKnownFileType = sourcecode.c.objc; path = JSZVCRRequestTestCase.m; sourceTree = "<group>"; };
		972B05E61B3D43E10037FE84 /* JSZVCRDataTestCase.m */ = {isa = PBXFileReference; fileEncoding = 4; lastKnownFileType = sourcecode.c.objc; path = JSZVCRDataTestCase.m; sourceTree = "<group>"; };
		975E1CA51B3C7565009B731B /* JSZVCRAFNetworkingRecorderTestCase.m */ = {isa = PBXFileReference; fileEncoding = 4; lastKnownFileType = sourcecode.c.objc; path = JSZVCRAFNetworkingRecorderTestCase.m; sourceTree = "<group>"; };
		978B268A1B3D0940001D8EFB /* JSZVCRResourceManagerTestCase.m */ = {isa = PBXFileReference; fileEncoding = 4; lastKnownFileType = sourcecode.c.objc; path = JSZVCRResourceManagerTestCase.m; sourceTree = "<group>"; };
		978B268C1B3D0A28001D8EFB /* JSZVCRResourceManagerTestCase.txt */ = {isa = PBXFileReference; fileEncoding = 4; lastKnownFileType = text; path = JSZVCRResourceManagerTestCase.txt; sourceTree = "<group>"; };
		97A862191B41CB6B00C07193 /* JSZVCRUnmatchedRequestsOverrideTestCase.m */ = {isa = PBXFileReference; fileEncoding = 4; lastKnownFileType = sourcecode.c.objc; path = JSZVCRUnmatchedRequestsOverrideTestCase.m; sourceTree = "<group>"; };
		97A8621E1B41D2B500C07193 /* JSZVCRUnmatchedRequestsOverrideTestCase.bundle */ = {isa = PBXFileReference; lastKnownFileType = "wrapper.plug-in"; path = JSZVCRUnmatchedRequestsOverrideTestCase.bundle; sourceTree = "<group>"; };
		97CAFA691B36AE180063FCC4 /* Rakefile */ = {isa = PBXFileReference; fileEncoding = 4; lastKnownFileType = text; name = Rakefile; path = ../Rakefile; sourceTree = "<group>"; };
		97DD8B861B3CF28700A4AAAA /* JSZVCRRecordingCancelledTask.m */ = {isa = PBXFileReference; fileEncoding = 4; lastKnownFileType = sourcecode.c.objc; path = JSZVCRRecordingCancelledTask.m; sourceTree = "<group>"; };
		97E143761B3AA50800E72B17 /* JSZDefaultTestCase.m */ = {isa = PBXFileReference; fileEncoding = 4; lastKnownFileType = sourcecode.c.objc; path = JSZDefaultTestCase.m; sourceTree = "<group>"; };
		97FA41EE1B2F9CB2003B9B57 /* JSZPlayerTestCase.m */ = {isa = PBXFileReference; fileEncoding = 4; lastKnownFileType = sourcecode.c.objc; path = JSZPlayerTestCase.m; sourceTree = "<group>"; };
		97FA41F01B2F9D05003B9B57 /* JSZVCRRecorderTestCase.m */ = {isa = PBXFileReference; fileEncoding = 4; lastKnownFileType = sourcecode.c.objc; path = JSZVCRRecorderTestCase.m; sourceTree = "<group>"; };
		97FB4DAE1B360C0200CA7C91 /* JSZUnorderedMatcherTestCase.m */ = {isa = PBXFileReference; fileEncoding = 4; lastKnownFileType = sourcecode.c.objc; path = JSZUnorderedMatcherTestCase.m; sourceTree = "<group>"; };
		97FB4DB01B360CEE00CA7C91 /* JSZUnorderedMatcherTestCase.bundle */ = {isa = PBXFileReference; lastKnownFileType = "wrapper.plug-in"; path = JSZUnorderedMatcherTestCase.bundle; sourceTree = "<group>"; };
		A726CD0DEBB911860BD8471D /* README.md */ = {isa = PBXFileReference; includeInIndex = 1; lastKnownFileType = net.daringfireball.markdown; name = README.md; path = ../README.md; sourceTree = "<group>"; };
		C2C1BB51501A927318E85677 /* libPods-JSZVCR_Tests.a */ = {isa = PBXFileReference; explicitFileType = archive.ar; includeInIndex = 0; path = "libPods-JSZVCR_Tests.a"; sourceTree = BUILT_PRODUCTS_DIR; };
		CFAE342F883AA7FE20F9A7FA /* JSZVCR.podspec */ = {isa = PBXFileReference; includeInIndex = 1; lastKnownFileType = text; name = JSZVCR.podspec; path = ../JSZVCR.podspec; sourceTree = "<group>"; };
/* End PBXFileReference section */

/* Begin PBXFrameworksBuildPhase section */
		6003F5AB195388D20070C39A /* Frameworks */ = {
			isa = PBXFrameworksBuildPhase;
			buildActionMask = 2147483647;
			files = (
				6003F5B0195388D20070C39A /* XCTest.framework in Frameworks */,
				6003F5B2195388D20070C39A /* UIKit.framework in Frameworks */,
				6003F5B1195388D20070C39A /* Foundation.framework in Frameworks */,
				234ACE5945E9D45CBCCF350F /* libPods-JSZVCR_Tests.a in Frameworks */,
			);
			runOnlyForDeploymentPostprocessing = 0;
		};
/* End PBXFrameworksBuildPhase section */

/* Begin PBXGroup section */
		6003F581195388D10070C39A = {
			isa = PBXGroup;
			children = (
				60FF7A9C1954A5C5007DD14C /* Podspec Metadata */,
				6003F5B5195388D20070C39A /* Tests */,
				6003F58C195388D20070C39A /* Frameworks */,
				6003F58B195388D20070C39A /* Products */,
				F0D200F4943AF847090F5D56 /* Pods */,
			);
			sourceTree = "<group>";
		};
		6003F58B195388D20070C39A /* Products */ = {
			isa = PBXGroup;
			children = (
				6003F5AE195388D20070C39A /* JSZVCR_Tests.xctest */,
			);
			name = Products;
			sourceTree = "<group>";
		};
		6003F58C195388D20070C39A /* Frameworks */ = {
			isa = PBXGroup;
			children = (
				6003F58D195388D20070C39A /* Foundation.framework */,
				6003F58F195388D20070C39A /* CoreGraphics.framework */,
				6003F591195388D20070C39A /* UIKit.framework */,
				6003F5AF195388D20070C39A /* XCTest.framework */,
				C2C1BB51501A927318E85677 /* libPods-JSZVCR_Tests.a */,
			);
			name = Frameworks;
			sourceTree = "<group>";
		};
		6003F5B5195388D20070C39A /* Tests */ = {
			isa = PBXGroup;
			children = (
				971EF30B1B2AAFBF000720ED /* JSZUnmockedTestCase.m */,
				978B268A1B3D0940001D8EFB /* JSZVCRResourceManagerTestCase.m */,
				97DD8B861B3CF28700A4AAAA /* JSZVCRRecordingCancelledTask.m */,
				975E1CA51B3C7565009B731B /* JSZVCRAFNetworkingRecorderTestCase.m */,
				97FA41EE1B2F9CB2003B9B57 /* JSZPlayerTestCase.m */,
				97E143761B3AA50800E72B17 /* JSZDefaultTestCase.m */,
				97FA41F01B2F9D05003B9B57 /* JSZVCRRecorderTestCase.m */,
				17AED04C1B3DF535004B7836 /* JSZVCRTestCaseBeginsWithEmptyRecorderTestCase.m */,
				97FB4DAE1B360C0200CA7C91 /* JSZUnorderedMatcherTestCase.m */,
				972B05E21B3D3AEC0037FE84 /* JSZVCRResponseTestCase.m */,
				972B05E61B3D43E10037FE84 /* JSZVCRDataTestCase.m */,
				972B05E41B3D3EFE0037FE84 /* JSZVCRRequestTestCase.m */,
				972B05DE1B3D221C0037FE84 /* JSZSimpleMatcherTestCase.m */,
				17B4A7721B3B7CD800699888 /* JSZMatchStrictnessNoneTestCase.m */,
				97A862191B41CB6B00C07193 /* JSZVCRUnmatchedRequestsOverrideTestCase.m */,
				17B4A7741B3B7D5D00699888 /* JSZVCRStrictnessFailWhenNoMatchTestCase.m */,
				97A8621B1B41CB7400C07193 /* Helpers */,
				97E143701B3A7B3700E72B17 /* Fixtures */,
				6003F5B6195388D20070C39A /* Supporting Files */,
			);
			path = Tests;
			sourceTree = "<group>";
		};
		6003F5B6195388D20070C39A /* Supporting Files */ = {
			isa = PBXGroup;
			children = (
				6003F5B7195388D20070C39A /* Tests-Info.plist */,
				6003F5B8195388D20070C39A /* InfoPlist.strings */,
				606FC2411953D9B200FFA9A0 /* Tests-Prefix.pch */,
			);
			name = "Supporting Files";
			sourceTree = "<group>";
		};
		60FF7A9C1954A5C5007DD14C /* Podspec Metadata */ = {
			isa = PBXGroup;
			children = (
				CFAE342F883AA7FE20F9A7FA /* JSZVCR.podspec */,
				A726CD0DEBB911860BD8471D /* README.md */,
				590E7CFFA78B3319426E877C /* LICENSE */,
				97CAFA691B36AE180063FCC4 /* Rakefile */,
			);
			name = "Podspec Metadata";
			sourceTree = "<group>";
		};
		97A8621B1B41CB7400C07193 /* Helpers */ = {
			isa = PBXGroup;
			children = (
				51D21DDE1B2B551000C4321A /* XCTestCase+XCTestCase_JSZVCRAdditions.h */,
				51D21DDF1B2B551000C4321A /* XCTestCase+XCTestCase_JSZVCRAdditions.m */,
			);
			name = Helpers;
			sourceTree = "<group>";
		};
		97E143701B3A7B3700E72B17 /* Fixtures */ = {
			isa = PBXGroup;
			children = (
				978B268C1B3D0A28001D8EFB /* JSZVCRResourceManagerTestCase.txt */,
				97A8621E1B41D2B500C07193 /* JSZVCRUnmatchedRequestsOverrideTestCase.bundle */,
				972B05E01B3D27B50037FE84 /* JSZSimpleMatcherTestCase.bundle */,
				17B4A77A1B3B80F500699888 /* JSZMatchStrictnessNoneTestCase.bundle */,
				17B4A7761B3B808E00699888 /* JSZVCRRecorderTestCase.bundle */,
				17B4A7771B3B808E00699888 /* JSZVCRStrictnessFailWhenNoMatchTestCase.bundle */,
				97FB4DB01B360CEE00CA7C91 /* JSZUnorderedMatcherTestCase.bundle */,
				971EF2FB1B2A7A40000720ED /* JSZPlayerTestCase.bundle */,
			);
			name = Fixtures;
			sourceTree = "<group>";
		};
		F0D200F4943AF847090F5D56 /* Pods */ = {
			isa = PBXGroup;
			children = (
				30B208040E596C4437229C11 /* Pods-JSZVCR_Tests.debug.xcconfig */,
				0251BC24D39024D842E740FA /* Pods-JSZVCR_Tests.release.xcconfig */,
			);
			name = Pods;
			sourceTree = "<group>";
		};
/* End PBXGroup section */

/* Begin PBXNativeTarget section */
		6003F5AD195388D20070C39A /* JSZVCR_Tests */ = {
			isa = PBXNativeTarget;
			buildConfigurationList = 6003F5C2195388D20070C39A /* Build configuration list for PBXNativeTarget "JSZVCR_Tests" */;
			buildPhases = (
				E8A40ECBCC091CC424EFAA45 /* Check Pods Manifest.lock */,
				6003F5AA195388D20070C39A /* Sources */,
				6003F5AB195388D20070C39A /* Frameworks */,
				6003F5AC195388D20070C39A /* Resources */,
				D3388D9579C2B09FA9659FEB /* Copy Pods Resources */,
				16262D525CD086CE18F5F1FF /* Embed Pods Frameworks */,
			);
			buildRules = (
			);
			dependencies = (
			);
			name = JSZVCR_Tests;
			productName = JSZVCRTests;
			productReference = 6003F5AE195388D20070C39A /* JSZVCR_Tests.xctest */;
			productType = "com.apple.product-type.bundle.unit-test";
		};
/* End PBXNativeTarget section */

/* Begin PBXProject section */
		6003F582195388D10070C39A /* Project object */ = {
			isa = PBXProject;
			attributes = {
				CLASSPREFIX = JSZ;
				LastUpgradeCheck = 0510;
				ORGANIZATIONNAME = "Jordan Zucker";
				TargetAttributes = {
					6003F5AD195388D20070C39A = {
						TestTargetID = 6003F589195388D20070C39A;
					};
				};
			};
			buildConfigurationList = 6003F585195388D10070C39A /* Build configuration list for PBXProject "JSZVCR" */;
			compatibilityVersion = "Xcode 3.2";
			developmentRegion = English;
			hasScannedForEncodings = 0;
			knownRegions = (
				en,
				Base,
			);
			mainGroup = 6003F581195388D10070C39A;
			productRefGroup = 6003F58B195388D20070C39A /* Products */;
			projectDirPath = "";
			projectRoot = "";
			targets = (
				6003F5AD195388D20070C39A /* JSZVCR_Tests */,
			);
		};
/* End PBXProject section */

/* Begin PBXResourcesBuildPhase section */
		6003F5AC195388D20070C39A /* Resources */ = {
			isa = PBXResourcesBuildPhase;
			buildActionMask = 2147483647;
			files = (
				978B268D1B3D0A28001D8EFB /* JSZVCRResourceManagerTestCase.txt in Resources */,
				97FB4DB11B360CEE00CA7C91 /* JSZUnorderedMatcherTestCase.bundle in Resources */,
				17B4A77B1B3B80F500699888 /* JSZMatchStrictnessNoneTestCase.bundle in Resources */,
				97A8621F1B41D2B500C07193 /* JSZVCRUnmatchedRequestsOverrideTestCase.bundle in Resources */,
				6003F5BA195388D20070C39A /* InfoPlist.strings in Resources */,
				17B4A7791B3B808E00699888 /* JSZVCRStrictnessFailWhenNoMatchTestCase.bundle in Resources */,
				971EF2FC1B2A7A40000720ED /* JSZPlayerTestCase.bundle in Resources */,
				97CAFA6A1B36AE190063FCC4 /* Rakefile in Resources */,
				972B05E11B3D27B50037FE84 /* JSZSimpleMatcherTestCase.bundle in Resources */,
				17B4A7781B3B808E00699888 /* JSZVCRRecorderTestCase.bundle in Resources */,
			);
			runOnlyForDeploymentPostprocessing = 0;
		};
/* End PBXResourcesBuildPhase section */

/* Begin PBXShellScriptBuildPhase section */
		16262D525CD086CE18F5F1FF /* Embed Pods Frameworks */ = {
			isa = PBXShellScriptBuildPhase;
			buildActionMask = 2147483647;
			files = (
			);
			inputPaths = (
			);
			name = "Embed Pods Frameworks";
			outputPaths = (
			);
			runOnlyForDeploymentPostprocessing = 0;
			shellPath = /bin/sh;
			shellScript = "\"${SRCROOT}/../Pods/Target Support Files/Pods-JSZVCR_Tests/Pods-JSZVCR_Tests-frameworks.sh\"\n";
			showEnvVarsInLog = 0;
		};
		D3388D9579C2B09FA9659FEB /* Copy Pods Resources */ = {
			isa = PBXShellScriptBuildPhase;
			buildActionMask = 2147483647;
			files = (
			);
			inputPaths = (
			);
			name = "Copy Pods Resources";
			outputPaths = (
			);
			runOnlyForDeploymentPostprocessing = 0;
			shellPath = /bin/sh;
			shellScript = "\"${SRCROOT}/../Pods/Target Support Files/Pods-JSZVCR_Tests/Pods-JSZVCR_Tests-resources.sh\"\n";
			showEnvVarsInLog = 0;
		};
		E8A40ECBCC091CC424EFAA45 /* Check Pods Manifest.lock */ = {
			isa = PBXShellScriptBuildPhase;
			buildActionMask = 2147483647;
			files = (
			);
			inputPaths = (
			);
			name = "Check Pods Manifest.lock";
			outputPaths = (
			);
			runOnlyForDeploymentPostprocessing = 0;
			shellPath = /bin/sh;
			shellScript = "diff \"${PODS_ROOT}/../Podfile.lock\" \"${PODS_ROOT}/Manifest.lock\" > /dev/null\nif [[ $? != 0 ]] ; then\n    cat << EOM\nerror: The sandbox is not in sync with the Podfile.lock. Run 'pod install' or update your CocoaPods installation.\nEOM\n    exit 1\nfi\n";
			showEnvVarsInLog = 0;
		};
/* End PBXShellScriptBuildPhase section */

/* Begin PBXSourcesBuildPhase section */
		6003F5AA195388D20070C39A /* Sources */ = {
			isa = PBXSourcesBuildPhase;
			buildActionMask = 2147483647;
			files = (
				971EF30C1B2AAFBF000720ED /* JSZUnmockedTestCase.m in Sources */,
				97E143771B3AA50800E72B17 /* JSZDefaultTestCase.m in Sources */,
				97DD8B871B3CF28700A4AAAA /* JSZVCRRecordingCancelledTask.m in Sources */,
				97FA41F11B2F9D05003B9B57 /* JSZVCRRecorderTestCase.m in Sources */,
				972B05E71B3D43E10037FE84 /* JSZVCRDataTestCase.m in Sources */,
				975E1CA61B3C7565009B731B /* JSZVCRAFNetworkingRecorderTestCase.m in Sources */,
				972B05E51B3D3EFE0037FE84 /* JSZVCRRequestTestCase.m in Sources */,
				978B268B1B3D0940001D8EFB /* JSZVCRResourceManagerTestCase.m in Sources */,
				972B05DF1B3D221C0037FE84 /* JSZSimpleMatcherTestCase.m in Sources */,
				972B05E31B3D3AEC0037FE84 /* JSZVCRResponseTestCase.m in Sources */,
				51D21DE01B2B551000C4321A /* XCTestCase+XCTestCase_JSZVCRAdditions.m in Sources */,
				97FB4DAF1B360C0200CA7C91 /* JSZUnorderedMatcherTestCase.m in Sources */,
				17B4A7751B3B7D5D00699888 /* JSZVCRStrictnessFailWhenNoMatchTestCase.m in Sources */,
				17AED04D1B3DF535004B7836 /* JSZVCRTestCaseBeginsWithEmptyRecorderTestCase.m in Sources */,
				97A8621A1B41CB6B00C07193 /* JSZVCRUnmatchedRequestsOverrideTestCase.m in Sources */,
				97FA41EF1B2F9CB2003B9B57 /* JSZPlayerTestCase.m in Sources */,
				17B4A7731B3B7CD800699888 /* JSZMatchStrictnessNoneTestCase.m in Sources */,
			);
			runOnlyForDeploymentPostprocessing = 0;
		};
/* End PBXSourcesBuildPhase section */

/* Begin PBXVariantGroup section */
		6003F5B8195388D20070C39A /* InfoPlist.strings */ = {
			isa = PBXVariantGroup;
			children = (
				6003F5B9195388D20070C39A /* en */,
			);
			name = InfoPlist.strings;
			sourceTree = "<group>";
		};
/* End PBXVariantGroup section */

/* Begin XCBuildConfiguration section */
		6003F5BD195388D20070C39A /* Debug */ = {
			isa = XCBuildConfiguration;
			buildSettings = {
				ALWAYS_SEARCH_USER_PATHS = NO;
				CLANG_CXX_LANGUAGE_STANDARD = "gnu++0x";
				CLANG_CXX_LIBRARY = "libc++";
				CLANG_ENABLE_MODULES = YES;
				CLANG_ENABLE_OBJC_ARC = YES;
				CLANG_WARN_BOOL_CONVERSION = YES;
				CLANG_WARN_CONSTANT_CONVERSION = YES;
				CLANG_WARN_DIRECT_OBJC_ISA_USAGE = YES_ERROR;
				CLANG_WARN_EMPTY_BODY = YES;
				CLANG_WARN_ENUM_CONVERSION = YES;
				CLANG_WARN_INT_CONVERSION = YES;
				CLANG_WARN_OBJC_ROOT_CLASS = YES_ERROR;
				CLANG_WARN__DUPLICATE_METHOD_MATCH = YES;
				"CODE_SIGN_IDENTITY[sdk=iphoneos*]" = "iPhone Developer";
				COPY_PHASE_STRIP = NO;
				GCC_C_LANGUAGE_STANDARD = gnu99;
				GCC_DYNAMIC_NO_PIC = NO;
				GCC_GENERATE_TEST_COVERAGE_FILES = YES;
				GCC_INSTRUMENT_PROGRAM_FLOW_ARCS = YES;
				GCC_OPTIMIZATION_LEVEL = 0;
				GCC_PREPROCESSOR_DEFINITIONS = (
					"DEBUG=1",
					"$(inherited)",
				);
				GCC_SYMBOLS_PRIVATE_EXTERN = NO;
				GCC_WARN_64_TO_32_BIT_CONVERSION = YES;
				GCC_WARN_ABOUT_RETURN_TYPE = YES_ERROR;
				GCC_WARN_UNDECLARED_SELECTOR = YES;
				GCC_WARN_UNINITIALIZED_AUTOS = YES_AGGRESSIVE;
				GCC_WARN_UNUSED_FUNCTION = YES;
				GCC_WARN_UNUSED_VARIABLE = YES;
				IPHONEOS_DEPLOYMENT_TARGET = 8.0;
				ONLY_ACTIVE_ARCH = YES;
				SDKROOT = iphoneos;
				TARGETED_DEVICE_FAMILY = "1,2";
			};
			name = Debug;
		};
		6003F5BE195388D20070C39A /* Release */ = {
			isa = XCBuildConfiguration;
			buildSettings = {
				ALWAYS_SEARCH_USER_PATHS = NO;
				CLANG_CXX_LANGUAGE_STANDARD = "gnu++0x";
				CLANG_CXX_LIBRARY = "libc++";
				CLANG_ENABLE_MODULES = YES;
				CLANG_ENABLE_OBJC_ARC = YES;
				CLANG_WARN_BOOL_CONVERSION = YES;
				CLANG_WARN_CONSTANT_CONVERSION = YES;
				CLANG_WARN_DIRECT_OBJC_ISA_USAGE = YES_ERROR;
				CLANG_WARN_EMPTY_BODY = YES;
				CLANG_WARN_ENUM_CONVERSION = YES;
				CLANG_WARN_INT_CONVERSION = YES;
				CLANG_WARN_OBJC_ROOT_CLASS = YES_ERROR;
				CLANG_WARN__DUPLICATE_METHOD_MATCH = YES;
				"CODE_SIGN_IDENTITY[sdk=iphoneos*]" = "iPhone Developer";
				COPY_PHASE_STRIP = YES;
				ENABLE_NS_ASSERTIONS = NO;
				GCC_C_LANGUAGE_STANDARD = gnu99;
				GCC_GENERATE_TEST_COVERAGE_FILES = YES;
				GCC_INSTRUMENT_PROGRAM_FLOW_ARCS = YES;
				GCC_WARN_64_TO_32_BIT_CONVERSION = YES;
				GCC_WARN_ABOUT_RETURN_TYPE = YES_ERROR;
				GCC_WARN_UNDECLARED_SELECTOR = YES;
				GCC_WARN_UNINITIALIZED_AUTOS = YES_AGGRESSIVE;
				GCC_WARN_UNUSED_FUNCTION = YES;
				GCC_WARN_UNUSED_VARIABLE = YES;
				IPHONEOS_DEPLOYMENT_TARGET = 8.0;
				SDKROOT = iphoneos;
				TARGETED_DEVICE_FAMILY = "1,2";
				VALIDATE_PRODUCT = YES;
			};
			name = Release;
		};
		6003F5C3195388D20070C39A /* Debug */ = {
			isa = XCBuildConfiguration;
			baseConfigurationReference = 30B208040E596C4437229C11 /* Pods-JSZVCR_Tests.debug.xcconfig */;
			buildSettings = {
				FRAMEWORK_SEARCH_PATHS = (
					"$(SDKROOT)/Developer/Library/Frameworks",
					"$(inherited)",
					"$(DEVELOPER_FRAMEWORKS_DIR)",
				);
				GCC_PRECOMPILE_PREFIX_HEADER = YES;
				GCC_PREFIX_HEADER = "Tests/Tests-Prefix.pch";
				GCC_PREPROCESSOR_DEFINITIONS = (
					"DEBUG=1",
					"$(inherited)",
				);
				INFOPLIST_FILE = "Tests/Tests-Info.plist";
				IPHONEOS_DEPLOYMENT_TARGET = 7.0;
				PRODUCT_NAME = "$(TARGET_NAME)";
				TEST_HOST = "$(BUILT_PRODUCTS_DIR)/JSZVCR_Example.app/JSZVCR_Example";
				WRAPPER_EXTENSION = xctest;
			};
			name = Debug;
		};
		6003F5C4195388D20070C39A /* Release */ = {
			isa = XCBuildConfiguration;
			baseConfigurationReference = 0251BC24D39024D842E740FA /* Pods-JSZVCR_Tests.release.xcconfig */;
			buildSettings = {
				FRAMEWORK_SEARCH_PATHS = (
					"$(SDKROOT)/Developer/Library/Frameworks",
					"$(inherited)",
					"$(DEVELOPER_FRAMEWORKS_DIR)",
				);
				GCC_PRECOMPILE_PREFIX_HEADER = YES;
				GCC_PREFIX_HEADER = "Tests/Tests-Prefix.pch";
				INFOPLIST_FILE = "Tests/Tests-Info.plist";
				IPHONEOS_DEPLOYMENT_TARGET = 7.0;
				PRODUCT_NAME = "$(TARGET_NAME)";
				TEST_HOST = "$(BUILT_PRODUCTS_DIR)/JSZVCR_Example.app/JSZVCR_Example";
				WRAPPER_EXTENSION = xctest;
			};
			name = Release;
		};
/* End XCBuildConfiguration section */

/* Begin XCConfigurationList section */
		6003F585195388D10070C39A /* Build configuration list for PBXProject "JSZVCR" */ = {
			isa = XCConfigurationList;
			buildConfigurations = (
				6003F5BD195388D20070C39A /* Debug */,
				6003F5BE195388D20070C39A /* Release */,
			);
			defaultConfigurationIsVisible = 0;
			defaultConfigurationName = Debug;
		};
		6003F5C2195388D20070C39A /* Build configuration list for PBXNativeTarget "JSZVCR_Tests" */ = {
			isa = XCConfigurationList;
			buildConfigurations = (
				6003F5C3195388D20070C39A /* Debug */,
				6003F5C4195388D20070C39A /* Release */,
			);
			defaultConfigurationIsVisible = 0;
			defaultConfigurationName = Debug;
		};
/* End XCConfigurationList section */
	};
	rootObject = 6003F582195388D10070C39A /* Project object */;
}
